// !$*UTF8*$!
{
	archiveVersion = 1;
	classes = {
	};
	objectVersion = 77;
	objects = {

/* Begin PBXBuildFile section */
		5E6114232FB20A0400A15D10 /* CineTrackerApp.swift in Sources */ = {isa = PBXBuildFile; fileRef = 5E6114222FB20A0400A15D10 /* CineTrackerApp.swift */; };
		5E6114252FB20A0400A15D10 /* ContentView.swift in Sources */ = {isa = PBXBuildFile; fileRef = 5E6114242FB20A0400A15D10 /* ContentView.swift */; };
		5E6114272FB20A0600A15D10 /* Assets.xcassets in Resources */ = {isa = PBXBuildFile; fileRef = 5E6114262FB20A0600A15D10 /* Assets.xcassets */; };
		5E61145B2FB210C200A15D10 /* RealmSwift in Frameworks */ = {isa = PBXBuildFile; productRef = 5E61145A2FB210C200A15D10 /* RealmSwift */; };
		5E61145D2FB211F100A15D10 /* Debug.xcconfig in Resources */ = {isa = PBXBuildFile; fileRef = 5E61145C2FB211F100A15D10 /* Debug.xcconfig */; };
		5E61145F2FB2126A00A15D10 /* Release.xcconfig in Resources */ = {isa = PBXBuildFile; fileRef = 5E61145E2FB2126A00A15D10 /* Release.xcconfig */; };
		5E6114642FB2150000A15D10 /* AppEnvironment.swift in Sources */ = {isa = PBXBuildFile; fileRef = 5E6114632FB214FF00A15D10 /* AppEnvironment.swift */; };
		5E6114662FB215E400A15D10 /* Configuration.swift in Sources */ = {isa = PBXBuildFile; fileRef = 5E6114652FB215DD00A15D10 /* Configuration.swift */; };
		5E61146B2FB22C7B00A15D10 /* Logger.swift in Sources */ = {isa = PBXBuildFile; fileRef = 5E6114672FB21A5A00A15D10 /* Logger.swift */; };
		5E61146C2FB22CB000A15D10 /* KeychainManager.swift in Sources */ = {isa = PBXBuildFile; fileRef = 5E6114682FB21C2C00A15D10 /* KeychainManager.swift */; };
		5E6114702FB2CFB400A15D10 /* Secrets.xcconfig in Resources */ = {isa = PBXBuildFile; fileRef = 5E61146F2FB2CFB400A15D10 /* Secrets.xcconfig */; };
		5E6114722FB2D3FD00A15D10 /* Colors.swift in Sources */ = {isa = PBXBuildFile; fileRef = 5E6114712FB2D3F900A15D10 /* Colors.swift */; };
		5E6114752FB2DA6F00A15D10 /* Typography.swift in Sources */ = {isa = PBXBuildFile; fileRef = 5E6114742FB2DA6700A15D10 /* Typography.swift */; };
		5E6114782FB2E0E000A15D10 /* Spacing.swift in Sources */ = {isa = PBXBuildFile; fileRef = 5E6114772FB2E0DA00A15D10 /* Spacing.swift */; };
		5E61147A2FB2E2F800A15D10 /* CardStyle.swift in Sources */ = {isa = PBXBuildFile; fileRef = 5E6114792FB2E2EF00A15D10 /* CardStyle.swift */; };
		5E61147C2FB2E47B00A15D10 /* ShimmerEffect.swift in Sources */ = {isa = PBXBuildFile; fileRef = 5E61147B2FB2E47300A15D10 /* ShimmerEffect.swift */; };
		5E61147E2FB2E62F00A15D10 /* PrimaryButton.swift in Sources */ = {isa = PBXBuildFile; fileRef = 5E61147D2FB2E62600A15D10 /* PrimaryButton.swift */; };
		5E6114802FB2E96500A15D10 /* SecondaryButton.swift in Sources */ = {isa = PBXBuildFile; fileRef = 5E61147F2FB2E95D00A15D10 /* SecondaryButton.swift */; };
		5E6114822FB2FAE500A15D10 /* LoadingView.swift in Sources */ = {isa = PBXBuildFile; fileRef = 5E6114812FB2FAE000A15D10 /* LoadingView.swift */; };
		5E6114842FB2FE7500A15D10 /* SkeletonView.swift in Sources */ = {isa = PBXBuildFile; fileRef = 5E6114832FB2FE6700A15D10 /* SkeletonView.swift */; };
		5E6114862FB302D600A15D10 /* ErrorView.swift in Sources */ = {isa = PBXBuildFile; fileRef = 5E6114852FB302CF00A15D10 /* ErrorView.swift */; };
		5E6114882FB3055500A15D10 /* EmptyStateView.swift in Sources */ = {isa = PBXBuildFile; fileRef = 5E6114872FB3054700A15D10 /* EmptyStateView.swift */; };
		5E61148A2FB307BC00A15D10 /* RatingView.swift in Sources */ = {isa = PBXBuildFile; fileRef = 5E6114892FB307B800A15D10 /* RatingView.swift */; };
		5E61148C2FB30C4D00A15D10 /* DesignSystemCatalog.swift in Sources */ = {isa = PBXBuildFile; fileRef = 5E61148B2FB30C4200A15D10 /* DesignSystemCatalog.swift */; };
		5E61148E2FB3167700A15D10 /* HTTPMethod.swift in Sources */ = {isa = PBXBuildFile; fileRef = 5E61148D2FB3166E00A15D10 /* HTTPMethod.swift */; };
		5E6114902FB316F000A15D10 /* APIError.swift in Sources */ = {isa = PBXBuildFile; fileRef = 5E61148F2FB316E800A15D10 /* APIError.swift */; };
		5E6114922FB31A9400A15D10 /* Endpoint.swift in Sources */ = {isa = PBXBuildFile; fileRef = 5E6114912FB31A9100A15D10 /* Endpoint.swift */; };
		5E6114942FB320F400A15D10 /* APIClient.swift in Sources */ = {isa = PBXBuildFile; fileRef = 5E6114932FB320EE00A15D10 /* APIClient.swift */; };
		5E6114982FB32BF700A15D10 /* RequestInterceptor.swift in Sources */ = {isa = PBXBuildFile; fileRef = 5E6114972FB32BED00A15D10 /* RequestInterceptor.swift */; };
		5E61149A2FB32DD300A15D10 /* NetwordMonitor.swift in Sources */ = {isa = PBXBuildFile; fileRef = 5E6114992FB32DCA00A15D10 /* NetwordMonitor.swift */; };
		5E61149D2FB332F300A15D10 /* MockAPIClient.swift in Sources */ = {isa = PBXBuildFile; fileRef = 5E61149C2FB332EC00A15D10 /* MockAPIClient.swift */; };
		5E61149E2FB334DA00A15D10 /* APIClientImpl.swift in Sources */ = {isa = PBXBuildFile; fileRef = 5E6114952FB3215B00A15D10 /* APIClientImpl.swift */; };
		5E61149F2FB337D500A15D10 /* MovieDTO.swift in Sources */ = {isa = PBXBuildFile; fileRef = 5E61149B2FB3316D00A15D10 /* MovieDTO.swift */; };
		5E6114A12FB3390B00A15D10 /* NetworkTestView.swift in Sources */ = {isa = PBXBuildFile; fileRef = 5E6114A02FB3380B00A15D10 /* NetworkTestView.swift */; };
		5E6114A32FB4202100A15D10 /* Movie.swift in Sources */ = {isa = PBXBuildFile; fileRef = 5E6114A22FB4201E00A15D10 /* Movie.swift */; };
		5E6114A52FB4219E00A15D10 /* MovieDetail.swift in Sources */ = {isa = PBXBuildFile; fileRef = 5E6114A42FB4219800A15D10 /* MovieDetail.swift */; };
		5E6114A72FB4234400A15D10 /* Cast.swift in Sources */ = {isa = PBXBuildFile; fileRef = 5E6114A62FB4234100A15D10 /* Cast.swift */; };
		5E6114A92FB423D900A15D10 /* MovieDetailDTO.swift in Sources */ = {isa = PBXBuildFile; fileRef = 5E6114A82FB423D000A15D10 /* MovieDetailDTO.swift */; };
		5E6114AB2FB4257100A15D10 /* CastDTO.swift in Sources */ = {isa = PBXBuildFile; fileRef = 5E6114AA2FB4256E00A15D10 /* CastDTO.swift */; };
		5E6114AD2FB4260300A15D10 /* MovieMapper.swift in Sources */ = {isa = PBXBuildFile; fileRef = 5E6114AC2FB425FB00A15D10 /* MovieMapper.swift */; };
		5E6114AF2FB42D4100A15D10 /* MemoryCache.swift in Sources */ = {isa = PBXBuildFile; fileRef = 5E6114AE2FB42D3B00A15D10 /* MemoryCache.swift */; };
		5E6114B12FB4302500A15D10 /* DiskCache.swift in Sources */ = {isa = PBXBuildFile; fileRef = 5E6114B02FB4301D00A15D10 /* DiskCache.swift */; };
		5E6114B32FB4376C00A15D10 /* MovieRepository.swift in Sources */ = {isa = PBXBuildFile; fileRef = 5E6114B22FB4376300A15D10 /* MovieRepository.swift */; };
		5E6114B52FB43B2100A15D10 /* MovieRepositoryImpl.swift in Sources */ = {isa = PBXBuildFile; fileRef = 5E6114B42FB43AA400A15D10 /* MovieRepositoryImpl.swift */; };
		5E6114B72FB45CDE00A15D10 /* SavedMovieObject.swift in Sources */ = {isa = PBXBuildFile; fileRef = 5E6114B62FB45CD400A15D10 /* SavedMovieObject.swift */; };
		5E6114B92FB4639000A15D10 /* RealmManager.swift in Sources */ = {isa = PBXBuildFile; fileRef = 5E6114B82FB4638700A15D10 /* RealmManager.swift */; };
		5E6114BB2FB466DC00A15D10 /* WatchlistRepository.swift in Sources */ = {isa = PBXBuildFile; fileRef = 5E6114BA2FB466C900A15D10 /* WatchlistRepository.swift */; };
		5E6114BD2FB467DA00A15D10 /* SavedMovie.swift in Sources */ = {isa = PBXBuildFile; fileRef = 5E6114BC2FB467D400A15D10 /* SavedMovie.swift */; };
		5E6114BF2FB46A1C00A15D10 /* WatchlistRepositoryImpl.swift in Sources */ = {isa = PBXBuildFile; fileRef = 5E6114BE2FB46A1000A15D10 /* WatchlistRepositoryImpl.swift */; };
		5E6114C12FB4789300A15D10 /* ImageCache.swift in Sources */ = {isa = PBXBuildFile; fileRef = 5E6114C02FB4788D00A15D10 /* ImageCache.swift */; };
		5E6114C32FB484C800A15D10 /* CachedAsyncImage.swift in Sources */ = {isa = PBXBuildFile; fileRef = 5E6114C22FB484BE00A15D10 /* CachedAsyncImage.swift */; };
		5E6114CE2FB5A90600A15D10 /* SavedMovieRealmMapper.swift in Sources */ = {isa = PBXBuildFile; fileRef = 5E6114CD2FB5A8FC00A15D10 /* SavedMovieRealmMapper.swift */; };
		5E6114D02FB5ABC400A15D10 /* UseCase.swift in Sources */ = {isa = PBXBuildFile; fileRef = 5E6114CF2FB5ABBC00A15D10 /* UseCase.swift */; };
		5E6114D22FB5ACB700A15D10 /* FetchPopularMovieUseCase.swift in Sources */ = {isa = PBXBuildFile; fileRef = 5E6114D12FB5ACA900A15D10 /* FetchPopularMovieUseCase.swift */; };
		5E6114D42FB5ADD300A15D10 /* SearchMoviesUseCase.swift in Sources */ = {isa = PBXBuildFile; fileRef = 5E6114D32FB5ADC900A15D10 /* SearchMoviesUseCase.swift */; };
		5E6114D62FB5AFEA00A15D10 /* AddToWatchlistUseCase.swift in Sources */ = {isa = PBXBuildFile; fileRef = 5E6114D52FB5AFD800A15D10 /* AddToWatchlistUseCase.swift */; };
		5E6114D82FB5B08E00A15D10 /* RemoveFromWatchlistUseCase.swift in Sources */ = {isa = PBXBuildFile; fileRef = 5E6114D72FB5B08100A15D10 /* RemoveFromWatchlistUseCase.swift */; };
		5E6114DA2FB5B10500A15D10 /* MarkAsWatchedUseCase.swift in Sources */ = {isa = PBXBuildFile; fileRef = 5E6114D92FB5B0FA00A15D10 /* MarkAsWatchedUseCase.swift */; };
		5E6114DC2FB5B48B00A15D10 /* GetWatchlistUseCase.swift in Sources */ = {isa = PBXBuildFile; fileRef = 5E6114DB2FB5B48100A15D10 /* GetWatchlistUseCase.swift */; };
		5E6114DE2FB5B91A00A15D10 /* DIContainer.swift in Sources */ = {isa = PBXBuildFile; fileRef = 5E6114DD2FB5B91500A15D10 /* DIContainer.swift */; };
		5E6114E02FB5BAB300A15D10 /* FetchTrendingMoviesUseCase.swift in Sources */ = {isa = PBXBuildFile; fileRef = 5E6114DF2FB5BAA400A15D10 /* FetchTrendingMoviesUseCase.swift */; };
		5E6114E22FB5BBEA00A15D10 /* FetchTopRatedMoviesUseCase.swift in Sources */ = {isa = PBXBuildFile; fileRef = 5E6114E12FB5BBDF00A15D10 /* FetchTopRatedMoviesUseCase.swift */; };
		5E6114E62FB5BD8B00A15D10 /* FetchUpcomingMoviesUseCase.swift in Sources */ = {isa = PBXBuildFile; fileRef = 5E6114E52FB5BD7B00A15D10 /* FetchUpcomingMoviesUseCase.swift */; };
		5E6114E82FB5BF8700A15D10 /* FetchNowPlayingMoviesUseCase.swift in Sources */ = {isa = PBXBuildFile; fileRef = 5E6114E72FB5BF7F00A15D10 /* FetchNowPlayingMoviesUseCase.swift */; };
		5E6114EA2FB5C2B700A15D10 /* Route.swift in Sources */ = {isa = PBXBuildFile; fileRef = 5E6114E92FB5C2B400A15D10 /* Route.swift */; };
		5E6114EC2FB5C39000A15D10 /* AppCoordinator.swift in Sources */ = {isa = PBXBuildFile; fileRef = 5E6114EB2FB5C38900A15D10 /* AppCoordinator.swift */; };
		5E6114EE2FB5CA8300A15D10 /* MainTabView.swift in Sources */ = {isa = PBXBuildFile; fileRef = 5E6114ED2FB5CA7B00A15D10 /* MainTabView.swift */; };
		5E6114F02FB5CEAD00A15D10 /* DiscoverView.swift in Sources */ = {isa = PBXBuildFile; fileRef = 5E6114EF2FB5CEA200A15D10 /* DiscoverView.swift */; };
		5E6114F22FB5CF2400A15D10 /* DiscoverViewModel.swift in Sources */ = {isa = PBXBuildFile; fileRef = 5E6114F12FB5CF1D00A15D10 /* DiscoverViewModel.swift */; };
		5E6114F42FB5D12D00A15D10 /* DiscoverState.swift in Sources */ = {isa = PBXBuildFile; fileRef = 5E6114F32FB5D12900A15D10 /* DiscoverState.swift */; };
		5ECA69AC2FBAB75100BBAFBE /* HeroBanner.swift in Sources */ = {isa = PBXBuildFile; fileRef = 5ECA69AB2FBAB74C00BBAFBE /* HeroBanner.swift */; };
		5ECA69AE2FBAC01A00BBAFBE /* MovieCarousel.swift in Sources */ = {isa = PBXBuildFile; fileRef = 5ECA69AD2FBAC00C00BBAFBE /* MovieCarousel.swift */; };
		5ECA69B02FBAC51F00BBAFBE /* MoviePosterCard.swift in Sources */ = {isa = PBXBuildFile; fileRef = 5ECA69AF2FBAC51900BBAFBE /* MoviePosterCard.swift */; };
/* End PBXBuildFile section */

/* Begin PBXFileReference section */
		5E6114222FB20A0400A15D10 /* CineTrackerApp.swift */ = {isa = PBXFileReference; lastKnownFileType = sourcecode.swift; path = CineTrackerApp.swift; sourceTree = "<group>"; };
		5E6114242FB20A0400A15D10 /* ContentView.swift */ = {isa = PBXFileReference; lastKnownFileType = sourcecode.swift; path = ContentView.swift; sourceTree = "<group>"; };
		5E6114262FB20A0600A15D10 /* Assets.xcassets */ = {isa = PBXFileReference; lastKnownFileType = folder.assetcatalog; path = Assets.xcassets; sourceTree = "<group>"; };
		5E6114582FB20FB600A15D10 /* CineTracker.app */ = {isa = PBXFileReference; explicitFileType = wrapper.application; includeInIndex = 0; path = CineTracker.app; sourceTree = BUILT_PRODUCTS_DIR; };
		5E61145C2FB211F100A15D10 /* Debug.xcconfig */ = {isa = PBXFileReference; lastKnownFileType = text.xcconfig; path = Debug.xcconfig; sourceTree = "<group>"; };
		5E61145E2FB2126A00A15D10 /* Release.xcconfig */ = {isa = PBXFileReference; lastKnownFileType = text.xcconfig; path = Release.xcconfig; sourceTree = "<group>"; };
		5E6114622FB213ED00A15D10 /* CineTracker-Info.plist */ = {isa = PBXFileReference; lastKnownFileType = text.plist; path = "CineTracker-Info.plist"; sourceTree = "<group>"; };
		5E6114632FB214FF00A15D10 /* AppEnvironment.swift */ = {isa = PBXFileReference; lastKnownFileType = sourcecode.swift; path = AppEnvironment.swift; sourceTree = "<group>"; };
		5E6114652FB215DD00A15D10 /* Configuration.swift */ = {isa = PBXFileReference; lastKnownFileType = sourcecode.swift; path = Configuration.swift; sourceTree = "<group>"; };
		5E6114672FB21A5A00A15D10 /* Logger.swift */ = {isa = PBXFileReference; lastKnownFileType = sourcecode.swift; path = Logger.swift; sourceTree = "<group>"; };
		5E6114682FB21C2C00A15D10 /* KeychainManager.swift */ = {isa = PBXFileReference; lastKnownFileType = sourcecode.swift; path = KeychainManager.swift; sourceTree = "<group>"; };
		5E6114692FB221C200A15D10 /* .swiftlint.yml */ = {isa = PBXFileReference; lastKnownFileType = sourcecode.swift; path = .swiftlint.yml; sourceTree = "<group>"; };
		5E61146F2FB2CFB400A15D10 /* Secrets.xcconfig */ = {isa = PBXFileReference; lastKnownFileType = text.xcconfig; path = Secrets.xcconfig; sourceTree = "<group>"; };
		5E6114712FB2D3F900A15D10 /* Colors.swift */ = {isa = PBXFileReference; lastKnownFileType = sourcecode.swift; path = Colors.swift; sourceTree = "<group>"; };
		5E6114742FB2DA6700A15D10 /* Typography.swift */ = {isa = PBXFileReference; lastKnownFileType = sourcecode.swift; path = Typography.swift; sourceTree = "<group>"; };
		5E6114772FB2E0DA00A15D10 /* Spacing.swift */ = {isa = PBXFileReference; lastKnownFileType = sourcecode.swift; path = Spacing.swift; sourceTree = "<group>"; };
		5E6114792FB2E2EF00A15D10 /* CardStyle.swift */ = {isa = PBXFileReference; lastKnownFileType = sourcecode.swift; path = CardStyle.swift; sourceTree = "<group>"; };
		5E61147B2FB2E47300A15D10 /* ShimmerEffect.swift */ = {isa = PBXFileReference; lastKnownFileType = sourcecode.swift; path = ShimmerEffect.swift; sourceTree = "<group>"; };
		5E61147D2FB2E62600A15D10 /* PrimaryButton.swift */ = {isa = PBXFileReference; lastKnownFileType = sourcecode.swift; path = PrimaryButton.swift; sourceTree = "<group>"; };
		5E61147F2FB2E95D00A15D10 /* SecondaryButton.swift */ = {isa = PBXFileReference; lastKnownFileType = sourcecode.swift; path = SecondaryButton.swift; sourceTree = "<group>"; };
		5E6114812FB2FAE000A15D10 /* LoadingView.swift */ = {isa = PBXFileReference; lastKnownFileType = sourcecode.swift; path = LoadingView.swift; sourceTree = "<group>"; };
		5E6114832FB2FE6700A15D10 /* SkeletonView.swift */ = {isa = PBXFileReference; lastKnownFileType = sourcecode.swift; path = SkeletonView.swift; sourceTree = "<group>"; };
		5E6114852FB302CF00A15D10 /* ErrorView.swift */ = {isa = PBXFileReference; lastKnownFileType = sourcecode.swift; path = ErrorView.swift; sourceTree = "<group>"; };
		5E6114872FB3054700A15D10 /* EmptyStateView.swift */ = {isa = PBXFileReference; lastKnownFileType = sourcecode.swift; path = EmptyStateView.swift; sourceTree = "<group>"; };
		5E6114892FB307B800A15D10 /* RatingView.swift */ = {isa = PBXFileReference; lastKnownFileType = sourcecode.swift; path = RatingView.swift; sourceTree = "<group>"; };
		5E61148B2FB30C4200A15D10 /* DesignSystemCatalog.swift */ = {isa = PBXFileReference; lastKnownFileType = sourcecode.swift; path = DesignSystemCatalog.swift; sourceTree = "<group>"; };
		5E61148D2FB3166E00A15D10 /* HTTPMethod.swift */ = {isa = PBXFileReference; lastKnownFileType = sourcecode.swift; path = HTTPMethod.swift; sourceTree = "<group>"; };
		5E61148F2FB316E800A15D10 /* APIError.swift */ = {isa = PBXFileReference; lastKnownFileType = sourcecode.swift; path = APIError.swift; sourceTree = "<group>"; };
		5E6114912FB31A9100A15D10 /* Endpoint.swift */ = {isa = PBXFileReference; lastKnownFileType = sourcecode.swift; path = Endpoint.swift; sourceTree = "<group>"; };
		5E6114932FB320EE00A15D10 /* APIClient.swift */ = {isa = PBXFileReference; lastKnownFileType = sourcecode.swift; path = APIClient.swift; sourceTree = "<group>"; };
		5E6114952FB3215B00A15D10 /* APIClientImpl.swift */ = {isa = PBXFileReference; lastKnownFileType = sourcecode.swift; path = APIClientImpl.swift; sourceTree = "<group>"; };
		5E6114972FB32BED00A15D10 /* RequestInterceptor.swift */ = {isa = PBXFileReference; lastKnownFileType = sourcecode.swift; path = RequestInterceptor.swift; sourceTree = "<group>"; };
		5E6114992FB32DCA00A15D10 /* NetwordMonitor.swift */ = {isa = PBXFileReference; lastKnownFileType = sourcecode.swift; path = NetwordMonitor.swift; sourceTree = "<group>"; };
		5E61149B2FB3316D00A15D10 /* MovieDTO.swift */ = {isa = PBXFileReference; lastKnownFileType = sourcecode.swift; path = MovieDTO.swift; sourceTree = "<group>"; };
		5E61149C2FB332EC00A15D10 /* MockAPIClient.swift */ = {isa = PBXFileReference; lastKnownFileType = sourcecode.swift; path = MockAPIClient.swift; sourceTree = "<group>"; };
		5E6114A02FB3380B00A15D10 /* NetworkTestView.swift */ = {isa = PBXFileReference; lastKnownFileType = sourcecode.swift; path = NetworkTestView.swift; sourceTree = "<group>"; };
		5E6114A22FB4201E00A15D10 /* Movie.swift */ = {isa = PBXFileReference; lastKnownFileType = sourcecode.swift; path = Movie.swift; sourceTree = "<group>"; };
		5E6114A42FB4219800A15D10 /* MovieDetail.swift */ = {isa = PBXFileReference; lastKnownFileType = sourcecode.swift; path = MovieDetail.swift; sourceTree = "<group>"; };
		5E6114A62FB4234100A15D10 /* Cast.swift */ = {isa = PBXFileReference; lastKnownFileType = sourcecode.swift; path = Cast.swift; sourceTree = "<group>"; };
		5E6114A82FB423D000A15D10 /* MovieDetailDTO.swift */ = {isa = PBXFileReference; lastKnownFileType = sourcecode.swift; path = MovieDetailDTO.swift; sourceTree = "<group>"; };
		5E6114AA2FB4256E00A15D10 /* CastDTO.swift */ = {isa = PBXFileReference; lastKnownFileType = sourcecode.swift; path = CastDTO.swift; sourceTree = "<group>"; };
		5E6114AC2FB425FB00A15D10 /* MovieMapper.swift */ = {isa = PBXFileReference; lastKnownFileType = sourcecode.swift; path = MovieMapper.swift; sourceTree = "<group>"; };
		5E6114AE2FB42D3B00A15D10 /* MemoryCache.swift */ = {isa = PBXFileReference; lastKnownFileType = sourcecode.swift; path = MemoryCache.swift; sourceTree = "<group>"; };
		5E6114B02FB4301D00A15D10 /* DiskCache.swift */ = {isa = PBXFileReference; lastKnownFileType = sourcecode.swift; path = DiskCache.swift; sourceTree = "<group>"; };
		5E6114B22FB4376300A15D10 /* MovieRepository.swift */ = {isa = PBXFileReference; lastKnownFileType = sourcecode.swift; path = MovieRepository.swift; sourceTree = "<group>"; };
		5E6114B42FB43AA400A15D10 /* MovieRepositoryImpl.swift */ = {isa = PBXFileReference; lastKnownFileType = sourcecode.swift; path = MovieRepositoryImpl.swift; sourceTree = "<group>"; };
		5E6114B62FB45CD400A15D10 /* SavedMovieObject.swift */ = {isa = PBXFileReference; lastKnownFileType = sourcecode.swift; path = SavedMovieObject.swift; sourceTree = "<group>"; };
		5E6114B82FB4638700A15D10 /* RealmManager.swift */ = {isa = PBXFileReference; lastKnownFileType = sourcecode.swift; path = RealmManager.swift; sourceTree = "<group>"; };
		5E6114BA2FB466C900A15D10 /* WatchlistRepository.swift */ = {isa = PBXFileReference; lastKnownFileType = sourcecode.swift; path = WatchlistRepository.swift; sourceTree = "<group>"; };
		5E6114BC2FB467D400A15D10 /* SavedMovie.swift */ = {isa = PBXFileReference; lastKnownFileType = sourcecode.swift; path = SavedMovie.swift; sourceTree = "<group>"; };
		5E6114BE2FB46A1000A15D10 /* WatchlistRepositoryImpl.swift */ = {isa = PBXFileReference; lastKnownFileType = sourcecode.swift; path = WatchlistRepositoryImpl.swift; sourceTree = "<group>"; };
		5E6114C02FB4788D00A15D10 /* ImageCache.swift */ = {isa = PBXFileReference; lastKnownFileType = sourcecode.swift; path = ImageCache.swift; sourceTree = "<group>"; };
		5E6114C22FB484BE00A15D10 /* CachedAsyncImage.swift */ = {isa = PBXFileReference; lastKnownFileType = sourcecode.swift; path = CachedAsyncImage.swift; sourceTree = "<group>"; };
		5E6114CD2FB5A8FC00A15D10 /* SavedMovieRealmMapper.swift */ = {isa = PBXFileReference; lastKnownFileType = sourcecode.swift; path = SavedMovieRealmMapper.swift; sourceTree = "<group>"; };
		5E6114CF2FB5ABBC00A15D10 /* UseCase.swift */ = {isa = PBXFileReference; lastKnownFileType = sourcecode.swift; path = UseCase.swift; sourceTree = "<group>"; };
		5E6114D12FB5ACA900A15D10 /* FetchPopularMovieUseCase.swift */ = {isa = PBXFileReference; lastKnownFileType = sourcecode.swift; path = FetchPopularMovieUseCase.swift; sourceTree = "<group>"; };
		5E6114D32FB5ADC900A15D10 /* SearchMoviesUseCase.swift */ = {isa = PBXFileReference; lastKnownFileType = sourcecode.swift; path = SearchMoviesUseCase.swift; sourceTree = "<group>"; };
		5E6114D52FB5AFD800A15D10 /* AddToWatchlistUseCase.swift */ = {isa = PBXFileReference; lastKnownFileType = sourcecode.swift; path = AddToWatchlistUseCase.swift; sourceTree = "<group>"; };
		5E6114D72FB5B08100A15D10 /* RemoveFromWatchlistUseCase.swift */ = {isa = PBXFileReference; lastKnownFileType = sourcecode.swift; path = RemoveFromWatchlistUseCase.swift; sourceTree = "<group>"; };
		5E6114D92FB5B0FA00A15D10 /* MarkAsWatchedUseCase.swift */ = {isa = PBXFileReference; lastKnownFileType = sourcecode.swift; path = MarkAsWatchedUseCase.swift; sourceTree = "<group>"; };
		5E6114DB2FB5B48100A15D10 /* GetWatchlistUseCase.swift */ = {isa = PBXFileReference; lastKnownFileType = sourcecode.swift; path = GetWatchlistUseCase.swift; sourceTree = "<group>"; };
		5E6114DD2FB5B91500A15D10 /* DIContainer.swift */ = {isa = PBXFileReference; lastKnownFileType = sourcecode.swift; path = DIContainer.swift; sourceTree = "<group>"; };
		5E6114DF2FB5BAA400A15D10 /* FetchTrendingMoviesUseCase.swift */ = {isa = PBXFileReference; lastKnownFileType = sourcecode.swift; path = FetchTrendingMoviesUseCase.swift; sourceTree = "<group>"; };
		5E6114E12FB5BBDF00A15D10 /* FetchTopRatedMoviesUseCase.swift */ = {isa = PBXFileReference; lastKnownFileType = sourcecode.swift; path = FetchTopRatedMoviesUseCase.swift; sourceTree = "<group>"; };
		5E6114E52FB5BD7B00A15D10 /* FetchUpcomingMoviesUseCase.swift */ = {isa = PBXFileReference; lastKnownFileType = sourcecode.swift; path = FetchUpcomingMoviesUseCase.swift; sourceTree = "<group>"; };
		5E6114E72FB5BF7F00A15D10 /* FetchNowPlayingMoviesUseCase.swift */ = {isa = PBXFileReference; lastKnownFileType = sourcecode.swift; path = FetchNowPlayingMoviesUseCase.swift; sourceTree = "<group>"; };
		5E6114E92FB5C2B400A15D10 /* Route.swift */ = {isa = PBXFileReference; lastKnownFileType = sourcecode.swift; path = Route.swift; sourceTree = "<group>"; };
		5E6114EB2FB5C38900A15D10 /* AppCoordinator.swift */ = {isa = PBXFileReference; lastKnownFileType = sourcecode.swift; path = AppCoordinator.swift; sourceTree = "<group>"; };
		5E6114ED2FB5CA7B00A15D10 /* MainTabView.swift */ = {isa = PBXFileReference; lastKnownFileType = sourcecode.swift; path = MainTabView.swift; sourceTree = "<group>"; };
		5E6114EF2FB5CEA200A15D10 /* DiscoverView.swift */ = {isa = PBXFileReference; lastKnownFileType = sourcecode.swift; path = DiscoverView.swift; sourceTree = "<group>"; };
		5E6114F12FB5CF1D00A15D10 /* DiscoverViewModel.swift */ = {isa = PBXFileReference; lastKnownFileType = sourcecode.swift; path = DiscoverViewModel.swift; sourceTree = "<group>"; };
		5E6114F32FB5D12900A15D10 /* DiscoverState.swift */ = {isa = PBXFileReference; lastKnownFileType = sourcecode.swift; path = DiscoverState.swift; sourceTree = "<group>"; };
		5ECA69AB2FBAB74C00BBAFBE /* HeroBanner.swift */ = {isa = PBXFileReference; lastKnownFileType = sourcecode.swift; path = HeroBanner.swift; sourceTree = "<group>"; };
		5ECA69AD2FBAC00C00BBAFBE /* MovieCarousel.swift */ = {isa = PBXFileReference; lastKnownFileType = sourcecode.swift; path = MovieCarousel.swift; sourceTree = "<group>"; };
		5ECA69AF2FBAC51900BBAFBE /* MoviePosterCard.swift */ = {isa = PBXFileReference; lastKnownFileType = sourcecode.swift; path = MoviePosterCard.swift; sourceTree = "<group>"; };
/* End PBXFileReference section */

/* Begin PBXFrameworksBuildPhase section */
		5E61141C2FB20A0400A15D10 /* Frameworks */ = {
			isa = PBXFrameworksBuildPhase;
			buildActionMask = 2147483647;
			files = (
				5E61145B2FB210C200A15D10 /* RealmSwift in Frameworks */,
			);
			runOnlyForDeploymentPostprocessing = 0;
		};
/* End PBXFrameworksBuildPhase section */

/* Begin PBXGroup section */
		5E6114162FB20A0400A15D10 = {
			isa = PBXGroup;
			children = (
				5E6114692FB221C200A15D10 /* .swiftlint.yml */,
				5E6114622FB213ED00A15D10 /* CineTracker-Info.plist */,
				5E61142E2FB20C7800A15D10 /* App */,
				5E6114582FB20FB600A15D10 /* CineTracker.app */,
				5E6114332FB20D3200A15D10 /* Core */,
				5E6114452FB20E8000A15D10 /* Data */,
				5E61144F2FB20F0F00A15D10 /* Domain */,
				5E6114512FB20F2000A15D10 /* Presentation */,
				5E6114342FB20D4400A15D10 /* Resources */,
			);
			sourceTree = "<group>";
		};
		5E61142E2FB20C7800A15D10 /* App */ = {
			isa = PBXGroup;
			children = (
				5E6114322FB20CE600A15D10 /* Environment */,
				5E6114312FB20CD900A15D10 /* DI */,
				5E6114242FB20A0400A15D10 /* ContentView.swift */,
				5E6114222FB20A0400A15D10 /* CineTrackerApp.swift */,
			);
			path = App;
			sourceTree = "<group>";
		};
		5E6114312FB20CD900A15D10 /* DI */ = {
			isa = PBXGroup;
			children = (
				5E6114DD2FB5B91500A15D10 /* DIContainer.swift */,
			);
			path = DI;
			sourceTree = "<group>";
		};
		5E6114322FB20CE600A15D10 /* Environment */ = {
			isa = PBXGroup;
			children = (
				5E6114652FB215DD00A15D10 /* Configuration.swift */,
				5E6114632FB214FF00A15D10 /* AppEnvironment.swift */,
			);
			path = Environment;
			sourceTree = "<group>";
		};
		5E6114332FB20D3200A15D10 /* Core */ = {
			isa = PBXGroup;
			children = (
				5E6114442FB20E6F00A15D10 /* Extensions */,
				5E6114432FB20E6600A15D10 /* Logger */,
				5E6114412FB20E5600A15D10 /* Navigation */,
				5E61143D2FB20E2100A15D10 /* DesignSystem */,
				5E6114362FB20D8700A15D10 /* Storage */,
			);
			path = Core;
			sourceTree = "<group>";
		};
		5E6114342FB20D4400A15D10 /* Resources */ = {
			isa = PBXGroup;
			children = (
				5E6114262FB20A0600A15D10 /* Assets.xcassets */,
				5E61145C2FB211F100A15D10 /* Debug.xcconfig */,
				5E61145E2FB2126A00A15D10 /* Release.xcconfig */,
				5E61146F2FB2CFB400A15D10 /* Secrets.xcconfig */,
			);
			path = Resources;
			sourceTree = "<group>";
		};
		5E6114352FB20D7300A15D10 /* Network */ = {
			isa = PBXGroup;
			children = (
				5E61149C2FB332EC00A15D10 /* MockAPIClient.swift */,
				5E6114992FB32DCA00A15D10 /* NetwordMonitor.swift */,
				5E6114972FB32BED00A15D10 /* RequestInterceptor.swift */,
				5E6114952FB3215B00A15D10 /* APIClientImpl.swift */,
				5E6114932FB320EE00A15D10 /* APIClient.swift */,
				5E6114912FB31A9100A15D10 /* Endpoint.swift */,
				5E61148F2FB316E800A15D10 /* APIError.swift */,
				5E61148D2FB3166E00A15D10 /* HTTPMethod.swift */,
			);
			path = Network;
			sourceTree = "<group>";
		};
		5E6114362FB20D8700A15D10 /* Storage */ = {
			isa = PBXGroup;
			children = (
				5E61143C2FB20E1500A15D10 /* Preferences */,
				5E61143B2FB20E0600A15D10 /* Keychain */,
				5E6114372FB20D9000A15D10 /* Realm */,
			);
			path = Storage;
			sourceTree = "<group>";
		};
		5E6114372FB20D9000A15D10 /* Realm */ = {
			isa = PBXGroup;
			children = (
			);
			path = Realm;
			sourceTree = "<group>";
		};
		5E61143B2FB20E0600A15D10 /* Keychain */ = {
			isa = PBXGroup;
			children = (
				5E6114682FB21C2C00A15D10 /* KeychainManager.swift */,
			);
			path = Keychain;
			sourceTree = "<group>";
		};
		5E61143C2FB20E1500A15D10 /* Preferences */ = {
			isa = PBXGroup;
			children = (
			);
			path = Preferences;
			sourceTree = "<group>";
		};
		5E61143D2FB20E2100A15D10 /* DesignSystem */ = {
			isa = PBXGroup;
			children = (
				5E61148B2FB30C4200A15D10 /* DesignSystemCatalog.swift */,
				5E6114772FB2E0DA00A15D10 /* Spacing.swift */,
				5E6114762FB2DAA900A15D10 /* Modifiers */,
				5E6114742FB2DA6700A15D10 /* Typography.swift */,
				5E6114712FB2D3F900A15D10 /* Colors.swift */,
				5E61143F2FB20E3300A15D10 /* Components */,
			);
			path = DesignSystem;
			sourceTree = "<group>";
		};
		5E61143F2FB20E3300A15D10 /* Components */ = {
			isa = PBXGroup;
			children = (
				5E6114C22FB484BE00A15D10 /* CachedAsyncImage.swift */,
				5E6114892FB307B800A15D10 /* RatingView.swift */,
				5E6114872FB3054700A15D10 /* EmptyStateView.swift */,
				5E6114852FB302CF00A15D10 /* ErrorView.swift */,
				5E6114832FB2FE6700A15D10 /* SkeletonView.swift */,
				5E6114812FB2FAE000A15D10 /* LoadingView.swift */,
				5E61147F2FB2E95D00A15D10 /* SecondaryButton.swift */,
				5E61147D2FB2E62600A15D10 /* PrimaryButton.swift */,
			);
			path = Components;
			sourceTree = "<group>";
		};
		5E6114412FB20E5600A15D10 /* Navigation */ = {
			isa = PBXGroup;
			children = (
				5E6114EB2FB5C38900A15D10 /* AppCoordinator.swift */,
				5E6114E92FB5C2B400A15D10 /* Route.swift */,
			);
			path = Navigation;
			sourceTree = "<group>";
		};
		5E6114432FB20E6600A15D10 /* Logger */ = {
			isa = PBXGroup;
			children = (
				5E6114672FB21A5A00A15D10 /* Logger.swift */,
			);
			path = Logger;
			sourceTree = "<group>";
		};
		5E6114442FB20E6F00A15D10 /* Extensions */ = {
			isa = PBXGroup;
			children = (
			);
			path = Extensions;
			sourceTree = "<group>";
		};
		5E6114452FB20E8000A15D10 /* Data */ = {
			isa = PBXGroup;
			children = (
				5E6114CA2FB5A6FD00A15D10 /* DTOs */,
				5E61144B2FB20EB700A15D10 /* Repositories */,
				5E6114492FB20EA400A15D10 /* Realm */,
				5E61144A2FB20EAD00A15D10 /* Mappers */,
				5E6114352FB20D7300A15D10 /* Network */,
				5E61146E2FB2C83200A15D10 /* Cache */,
			);
			path = Data;
			sourceTree = "<group>";
		};
		5E6114492FB20EA400A15D10 /* Realm */ = {
			isa = PBXGroup;
			children = (
				5E6114CC2FB5A73C00A15D10 /* Mappers */,
				5E6114CB2FB5A72500A15D10 /* Objects */,
			);
			path = Realm;
			sourceTree = "<group>";
		};
		5E61144A2FB20EAD00A15D10 /* Mappers */ = {
			isa = PBXGroup;
			children = (
				5E6114AC2FB425FB00A15D10 /* MovieMapper.swift */,
			);
			path = Mappers;
			sourceTree = "<group>";
		};
		5E61144B2FB20EB700A15D10 /* Repositories */ = {
			isa = PBXGroup;
			children = (
				5E6114BE2FB46A1000A15D10 /* WatchlistRepositoryImpl.swift */,
				5E6114B42FB43AA400A15D10 /* MovieRepositoryImpl.swift */,
			);
			path = Repositories;
			sourceTree = "<group>";
		};
		5E61144F2FB20F0F00A15D10 /* Domain */ = {
			isa = PBXGroup;
			children = (
				5E6114C92FB5A6B100A15D10 /* Repositories */,
				5E6114C82FB5A66500A15D10 /* Entities */,
				5E6114502FB20F1700A15D10 /* UseCases */,
			);
			path = Domain;
			sourceTree = "<group>";
		};
		5E6114502FB20F1700A15D10 /* UseCases */ = {
			isa = PBXGroup;
			children = (
				5E6114E72FB5BF7F00A15D10 /* FetchNowPlayingMoviesUseCase.swift */,
				5E6114E52FB5BD7B00A15D10 /* FetchUpcomingMoviesUseCase.swift */,
				5E6114E12FB5BBDF00A15D10 /* FetchTopRatedMoviesUseCase.swift */,
				5E6114DF2FB5BAA400A15D10 /* FetchTrendingMoviesUseCase.swift */,
				5E6114DB2FB5B48100A15D10 /* GetWatchlistUseCase.swift */,
				5E6114D92FB5B0FA00A15D10 /* MarkAsWatchedUseCase.swift */,
				5E6114D72FB5B08100A15D10 /* RemoveFromWatchlistUseCase.swift */,
				5E6114D52FB5AFD800A15D10 /* AddToWatchlistUseCase.swift */,
				5E6114D32FB5ADC900A15D10 /* SearchMoviesUseCase.swift */,
				5E6114D12FB5ACA900A15D10 /* FetchPopularMovieUseCase.swift */,
				5E6114CF2FB5ABBC00A15D10 /* UseCase.swift */,
			);
			path = UseCases;
			sourceTree = "<group>";
		};
		5E6114512FB20F2000A15D10 /* Presentation */ = {
			isa = PBXGroup;
			children = (
				5E6114ED2FB5CA7B00A15D10 /* MainTabView.swift */,
				5E6114572FB20F5800A15D10 /* New Group */,
				5E6114562FB20F4E00A15D10 /* Statistics */,
				5E6114552FB20F4500A15D10 /* Watchlist */,
				5E6114542FB20F3C00A15D10 /* MovieDetail */,
				5E6114532FB20F3200A15D10 /* Search */,
				5E6114522FB20F2900A15D10 /* Discover */,
				5E6114A02FB3380B00A15D10 /* NetworkTestView.swift */,
			);
			path = Presentation;
			sourceTree = "<group>";
		};
		5E6114522FB20F2900A15D10 /* Discover */ = {
			isa = PBXGroup;
			children = (
				5ECA69AA2FBAB74000BBAFBE /* Components */,
				5E6114F32FB5D12900A15D10 /* DiscoverState.swift */,
				5E6114F12FB5CF1D00A15D10 /* DiscoverViewModel.swift */,
				5E6114EF2FB5CEA200A15D10 /* DiscoverView.swift */,
			);
			path = Discover;
			sourceTree = "<group>";
		};
		5E6114532FB20F3200A15D10 /* Search */ = {
			isa = PBXGroup;
			children = (
			);
			path = Search;
			sourceTree = "<group>";
		};
		5E6114542FB20F3C00A15D10 /* MovieDetail */ = {
			isa = PBXGroup;
			children = (
			);
			path = MovieDetail;
			sourceTree = "<group>";
		};
		5E6114552FB20F4500A15D10 /* Watchlist */ = {
			isa = PBXGroup;
			children = (
			);
			path = Watchlist;
			sourceTree = "<group>";
		};
		5E6114562FB20F4E00A15D10 /* Statistics */ = {
			isa = PBXGroup;
			children = (
			);
			path = Statistics;
			sourceTree = "<group>";
		};
		5E6114572FB20F5800A15D10 /* New Group */ = {
			isa = PBXGroup;
			children = (
			);
			path = "New Group";
			sourceTree = "<group>";
		};
		5E61146E2FB2C83200A15D10 /* Cache */ = {
			isa = PBXGroup;
			children = (
				5E6114C02FB4788D00A15D10 /* ImageCache.swift */,
				5E6114B02FB4301D00A15D10 /* DiskCache.swift */,
				5E6114AE2FB42D3B00A15D10 /* MemoryCache.swift */,
			);
			path = Cache;
			sourceTree = "<group>";
		};
		5E6114762FB2DAA900A15D10 /* Modifiers */ = {
			isa = PBXGroup;
			children = (
				5E61147B2FB2E47300A15D10 /* ShimmerEffect.swift */,
				5E6114792FB2E2EF00A15D10 /* CardStyle.swift */,
			);
			path = Modifiers;
			sourceTree = "<group>";
		};
		5E6114C82FB5A66500A15D10 /* Entities */ = {
			isa = PBXGroup;
			children = (
				5E6114BC2FB467D400A15D10 /* SavedMovie.swift */,
				5E6114A62FB4234100A15D10 /* Cast.swift */,
				5E6114A42FB4219800A15D10 /* MovieDetail.swift */,
				5E6114A22FB4201E00A15D10 /* Movie.swift */,
			);
			path = Entities;
			sourceTree = "<group>";
		};
		5E6114C92FB5A6B100A15D10 /* Repositories */ = {
			isa = PBXGroup;
			children = (
				5E6114BA2FB466C900A15D10 /* WatchlistRepository.swift */,
				5E6114B22FB4376300A15D10 /* MovieRepository.swift */,
			);
			path = Repositories;
			sourceTree = "<group>";
		};
		5E6114CA2FB5A6FD00A15D10 /* DTOs */ = {
			isa = PBXGroup;
			children = (
				5E6114AA2FB4256E00A15D10 /* CastDTO.swift */,
				5E6114A82FB423D000A15D10 /* MovieDetailDTO.swift */,
				5E61149B2FB3316D00A15D10 /* MovieDTO.swift */,
			);
			path = DTOs;
			sourceTree = "<group>";
		};
		5E6114CB2FB5A72500A15D10 /* Objects */ = {
			isa = PBXGroup;
			children = (
				5E6114B82FB4638700A15D10 /* RealmManager.swift */,
				5E6114B62FB45CD400A15D10 /* SavedMovieObject.swift */,
			);
			path = Objects;
			sourceTree = "<group>";
		};
		5E6114CC2FB5A73C00A15D10 /* Mappers */ = {
			isa = PBXGroup;
			children = (
				5E6114CD2FB5A8FC00A15D10 /* SavedMovieRealmMapper.swift */,
			);
			path = Mappers;
			sourceTree = "<group>";
		};
		5ECA69AA2FBAB74000BBAFBE /* Components */ = {
			isa = PBXGroup;
			children = (
				5ECA69AF2FBAC51900BBAFBE /* MoviePosterCard.swift */,
				5ECA69AD2FBAC00C00BBAFBE /* MovieCarousel.swift */,
				5ECA69AB2FBAB74C00BBAFBE /* HeroBanner.swift */,
			);
			path = Components;
			sourceTree = "<group>";
		};
/* End PBXGroup section */

/* Begin PBXNativeTarget section */
		5E61141E2FB20A0400A15D10 /* CineTracker */ = {
			isa = PBXNativeTarget;
			buildConfigurationList = 5E61142A2FB20A0600A15D10 /* Build configuration list for PBXNativeTarget "CineTracker" */;
			buildPhases = (
				5E61146A2FB222F700A15D10 /* Run SwiftLint */,
				5E61141B2FB20A0400A15D10 /* Sources */,
				5E61141C2FB20A0400A15D10 /* Frameworks */,
				5E61141D2FB20A0400A15D10 /* Resources */,
			);
			buildRules = (
			);
			dependencies = (
			);
			name = CineTracker;
			packageProductDependencies = (
				5E61145A2FB210C200A15D10 /* RealmSwift */,
			);
			productName = CineTracker;
			productReference = 5E6114582FB20FB600A15D10 /* CineTracker.app */;
			productType = "com.apple.product-type.application";
		};
/* End PBXNativeTarget section */

/* Begin PBXProject section */
		5E6114172FB20A0400A15D10 /* Project object */ = {
			isa = PBXProject;
			attributes = {
				BuildIndependentTargetsInParallel = 1;
				LastSwiftUpdateCheck = 2640;
				LastUpgradeCheck = 2640;
				TargetAttributes = {
					5E61141E2FB20A0400A15D10 = {
						CreatedOnToolsVersion = 26.4.1;
					};
				};
			};
			buildConfigurationList = 5E61141A2FB20A0400A15D10 /* Build configuration list for PBXProject "CineTracker" */;
			developmentRegion = en;
			hasScannedForEncodings = 0;
			knownRegions = (
				en,
				Base,
			);
			mainGroup = 5E6114162FB20A0400A15D10;
			minimizedProjectReferenceProxies = 1;
			packageReferences = (
				5E6114592FB210C200A15D10 /* XCRemoteSwiftPackageReference "realm-swift" */,
			);
			preferredProjectObjectVersion = 77;
			productRefGroup = 5E6114162FB20A0400A15D10;
			projectDirPath = "";
			projectRoot = "";
			targets = (
				5E61141E2FB20A0400A15D10 /* CineTracker */,
			);
		};
/* End PBXProject section */

/* Begin PBXResourcesBuildPhase section */
		5E61141D2FB20A0400A15D10 /* Resources */ = {
			isa = PBXResourcesBuildPhase;
			buildActionMask = 2147483647;
			files = (
				5E6114702FB2CFB400A15D10 /* Secrets.xcconfig in Resources */,
				5E61145D2FB211F100A15D10 /* Debug.xcconfig in Resources */,
				5E6114272FB20A0600A15D10 /* Assets.xcassets in Resources */,
				5E61145F2FB2126A00A15D10 /* Release.xcconfig in Resources */,
			);
			runOnlyForDeploymentPostprocessing = 0;
		};
/* End PBXResourcesBuildPhase section */

/* Begin PBXShellScriptBuildPhase section */
		5E61146A2FB222F700A15D10 /* Run SwiftLint */ = {
			isa = PBXShellScriptBuildPhase;
			alwaysOutOfDate = 1;
			buildActionMask = 2147483647;
			files = (
			);
			inputFileListPaths = (
			);
			inputPaths = (
			);
			name = "Run SwiftLint";
			outputFileListPaths = (
			);
			outputPaths = (
			);
			runOnlyForDeploymentPostprocessing = 0;
			shellPath = /bin/sh;
			shellScript = "if which swiftlint > /dev/null; then\n  swiftlint lint --config \"${SRCROOT}/.swiftlint.yml\"\nelse\n  echo \"warning: SwiftLint not installed\"\nfi\n";
		};
/* End PBXShellScriptBuildPhase section */

/* Begin PBXSourcesBuildPhase section */
		5E61141B2FB20A0400A15D10 /* Sources */ = {
			isa = PBXSourcesBuildPhase;
			buildActionMask = 2147483647;
			files = (
				5E6114AB2FB4257100A15D10 /* CastDTO.swift in Sources */,
				5E61149E2FB334DA00A15D10 /* APIClientImpl.swift in Sources */,
				5E6114D42FB5ADD300A15D10 /* SearchMoviesUseCase.swift in Sources */,
				5E6114EE2FB5CA8300A15D10 /* MainTabView.swift in Sources */,
				5E61146B2FB22C7B00A15D10 /* Logger.swift in Sources */,
				5E6114E22FB5BBEA00A15D10 /* FetchTopRatedMoviesUseCase.swift in Sources */,
				5E6114B72FB45CDE00A15D10 /* SavedMovieObject.swift in Sources */,
				5E61146C2FB22CB000A15D10 /* KeychainManager.swift in Sources */,
				5E6114A92FB423D900A15D10 /* MovieDetailDTO.swift in Sources */,
				5E6114982FB32BF700A15D10 /* RequestInterceptor.swift in Sources */,
				5E6114782FB2E0E000A15D10 /* Spacing.swift in Sources */,
				5E61148A2FB307BC00A15D10 /* RatingView.swift in Sources */,
				5E6114B32FB4376C00A15D10 /* MovieRepository.swift in Sources */,
				5E61147C2FB2E47B00A15D10 /* ShimmerEffect.swift in Sources */,
				5E6114DE2FB5B91A00A15D10 /* DIContainer.swift in Sources */,
				5E6114AF2FB42D4100A15D10 /* MemoryCache.swift in Sources */,
				5E6114F42FB5D12D00A15D10 /* DiscoverState.swift in Sources */,
				5E6114D62FB5AFEA00A15D10 /* AddToWatchlistUseCase.swift in Sources */,
				5E6114E82FB5BF8700A15D10 /* FetchNowPlayingMoviesUseCase.swift in Sources */,
				5E6114E62FB5BD8B00A15D10 /* FetchUpcomingMoviesUseCase.swift in Sources */,
				5E6114B12FB4302500A15D10 /* DiskCache.swift in Sources */,
				5E6114752FB2DA6F00A15D10 /* Typography.swift in Sources */,
				5E6114882FB3055500A15D10 /* EmptyStateView.swift in Sources */,
				5ECA69AC2FBAB75100BBAFBE /* HeroBanner.swift in Sources */,
				5E6114822FB2FAE500A15D10 /* LoadingView.swift in Sources */,
				5E6114B92FB4639000A15D10 /* RealmManager.swift in Sources */,
				5E61148E2FB3167700A15D10 /* HTTPMethod.swift in Sources */,
				5E6114252FB20A0400A15D10 /* ContentView.swift in Sources */,
				5E6114802FB2E96500A15D10 /* SecondaryButton.swift in Sources */,
				5E6114CE2FB5A90600A15D10 /* SavedMovieRealmMapper.swift in Sources */,
				5E61147E2FB2E62F00A15D10 /* PrimaryButton.swift in Sources */,
				5ECA69B02FBAC51F00BBAFBE /* MoviePosterCard.swift in Sources */,
				5E6114A32FB4202100A15D10 /* Movie.swift in Sources */,
				5E6114722FB2D3FD00A15D10 /* Colors.swift in Sources */,
				5E6114DC2FB5B48B00A15D10 /* GetWatchlistUseCase.swift in Sources */,
				5E6114F02FB5CEAD00A15D10 /* DiscoverView.swift in Sources */,
				5E6114AD2FB4260300A15D10 /* MovieMapper.swift in Sources */,
				5E6114B52FB43B2100A15D10 /* MovieRepositoryImpl.swift in Sources */,
				5E6114EA2FB5C2B700A15D10 /* Route.swift in Sources */,
				5E6114A72FB4234400A15D10 /* Cast.swift in Sources */,
				5E6114232FB20A0400A15D10 /* CineTrackerApp.swift in Sources */,
				5E6114E02FB5BAB300A15D10 /* FetchTrendingMoviesUseCase.swift in Sources */,
				5E6114BB2FB466DC00A15D10 /* WatchlistRepository.swift in Sources */,
				5E61148C2FB30C4D00A15D10 /* DesignSystemCatalog.swift in Sources */,
				5E6114C32FB484C800A15D10 /* CachedAsyncImage.swift in Sources */,
				5E6114842FB2FE7500A15D10 /* SkeletonView.swift in Sources */,
				5E6114C12FB4789300A15D10 /* ImageCache.swift in Sources */,
				5E6114D02FB5ABC400A15D10 /* UseCase.swift in Sources */,
				5E61147A2FB2E2F800A15D10 /* CardStyle.swift in Sources */,
				5E6114662FB215E400A15D10 /* Configuration.swift in Sources */,
				5ECA69AE2FBAC01A00BBAFBE /* MovieCarousel.swift in Sources */,
				5E61149F2FB337D500A15D10 /* MovieDTO.swift in Sources */,
				5E6114642FB2150000A15D10 /* AppEnvironment.swift in Sources */,
				5E6114DA2FB5B10500A15D10 /* MarkAsWatchedUseCase.swift in Sources */,
				5E6114862FB302D600A15D10 /* ErrorView.swift in Sources */,
				5E6114EC2FB5C39000A15D10 /* AppCoordinator.swift in Sources */,
				5E6114D22FB5ACB700A15D10 /* FetchPopularMovieUseCase.swift in Sources */,
				5E6114D82FB5B08E00A15D10 /* RemoveFromWatchlistUseCase.swift in Sources */,
				5E6114922FB31A9400A15D10 /* Endpoint.swift in Sources */,
				5E6114942FB320F400A15D10 /* APIClient.swift in Sources */,
				5E6114BF2FB46A1C00A15D10 /* WatchlistRepositoryImpl.swift in Sources */,
				5E6114A12FB3390B00A15D10 /* NetworkTestView.swift in Sources */,
				5E6114A52FB4219E00A15D10 /* MovieDetail.swift in Sources */,
				5E61149A2FB32DD300A15D10 /* NetwordMonitor.swift in Sources */,
				5E6114902FB316F000A15D10 /* APIError.swift in Sources */,
				5E6114F22FB5CF2400A15D10 /* DiscoverViewModel.swift in Sources */,
				5E61149D2FB332F300A15D10 /* MockAPIClient.swift in Sources */,
				5E6114BD2FB467DA00A15D10 /* SavedMovie.swift in Sources */,
			);
			runOnlyForDeploymentPostprocessing = 0;
		};
/* End PBXSourcesBuildPhase section */

/* Begin XCBuildConfiguration section */
		5E6114282FB20A0600A15D10 /* Debug */ = {
			isa = XCBuildConfiguration;
			baseConfigurationReference = 5E61145C2FB211F100A15D10 /* Debug.xcconfig */;
			buildSettings = {
				ALWAYS_SEARCH_USER_PATHS = NO;
				ASSETCATALOG_COMPILER_GENERATE_SWIFT_ASSET_SYMBOL_EXTENSIONS = YES;
				CLANG_ANALYZER_NONNULL = YES;
				CLANG_ANALYZER_NUMBER_OBJECT_CONVERSION = YES_AGGRESSIVE;
				CLANG_CXX_LANGUAGE_STANDARD = "gnu++20";
				CLANG_ENABLE_MODULES = YES;
				CLANG_ENABLE_OBJC_ARC = YES;
				CLANG_ENABLE_OBJC_WEAK = YES;
				CLANG_WARN_BLOCK_CAPTURE_AUTORELEASING = YES;
				CLANG_WARN_BOOL_CONVERSION = YES;
				CLANG_WARN_COMMA = YES;
				CLANG_WARN_CONSTANT_CONVERSION = YES;
				CLANG_WARN_DEPRECATED_OBJC_IMPLEMENTATIONS = YES;
				CLANG_WARN_DIRECT_OBJC_ISA_USAGE = YES_ERROR;
				CLANG_WARN_DOCUMENTATION_COMMENTS = YES;
				CLANG_WARN_EMPTY_BODY = YES;
				CLANG_WARN_ENUM_CONVERSION = YES;
				CLANG_WARN_INFINITE_RECURSION = YES;
				CLANG_WARN_INT_CONVERSION = YES;
				CLANG_WARN_NON_LITERAL_NULL_CONVERSION = YES;
				CLANG_WARN_OBJC_IMPLICIT_RETAIN_SELF = YES;
				CLANG_WARN_OBJC_LITERAL_CONVERSION = YES;
				CLANG_WARN_OBJC_ROOT_CLASS = YES_ERROR;
				CLANG_WARN_QUOTED_INCLUDE_IN_FRAMEWORK_HEADER = YES;
				CLANG_WARN_RANGE_LOOP_ANALYSIS = YES;
				CLANG_WARN_STRICT_PROTOTYPES = YES;
				CLANG_WARN_SUSPICIOUS_MOVE = YES;
				CLANG_WARN_UNGUARDED_AVAILABILITY = YES_AGGRESSIVE;
				CLANG_WARN_UNREACHABLE_CODE = YES;
				CLANG_WARN__DUPLICATE_METHOD_MATCH = YES;
				COPY_PHASE_STRIP = NO;
				DEBUG_INFORMATION_FORMAT = dwarf;
				DEVELOPMENT_TEAM = 459UU2KUBV;
				ENABLE_STRICT_OBJC_MSGSEND = YES;
				ENABLE_TESTABILITY = YES;
				ENABLE_USER_SCRIPT_SANDBOXING = NO;
				GCC_C_LANGUAGE_STANDARD = gnu17;
				GCC_DYNAMIC_NO_PIC = NO;
				GCC_NO_COMMON_BLOCKS = YES;
				GCC_OPTIMIZATION_LEVEL = 0;
				GCC_PREPROCESSOR_DEFINITIONS = (
					"DEBUG=1",
					"$(inherited)",
				);
				GCC_WARN_64_TO_32_BIT_CONVERSION = YES;
				GCC_WARN_ABOUT_RETURN_TYPE = YES_ERROR;
				GCC_WARN_UNDECLARED_SELECTOR = YES;
				GCC_WARN_UNINITIALIZED_AUTOS = YES_AGGRESSIVE;
				GCC_WARN_UNUSED_FUNCTION = YES;
				GCC_WARN_UNUSED_VARIABLE = YES;
				IPHONEOS_DEPLOYMENT_TARGET = 26.4;
				LOCALIZATION_PREFERS_STRING_CATALOGS = YES;
				MTL_ENABLE_DEBUG_INFO = INCLUDE_SOURCE;
				MTL_FAST_MATH = YES;
				ONLY_ACTIVE_ARCH = YES;
				SDKROOT = iphoneos;
				SWIFT_ACTIVE_COMPILATION_CONDITIONS = "DEBUG $(inherited)";
				SWIFT_OPTIMIZATION_LEVEL = "-Onone";
			};
			name = Debug;
		};
		5E6114292FB20A0600A15D10 /* Release */ = {
			isa = XCBuildConfiguration;
			baseConfigurationReference = 5E61145E2FB2126A00A15D10 /* Release.xcconfig */;
			buildSettings = {
				ALWAYS_SEARCH_USER_PATHS = NO;
				ASSETCATALOG_COMPILER_GENERATE_SWIFT_ASSET_SYMBOL_EXTENSIONS = YES;
				CLANG_ANALYZER_NONNULL = YES;
				CLANG_ANALYZER_NUMBER_OBJECT_CONVERSION = YES_AGGRESSIVE;
				CLANG_CXX_LANGUAGE_STANDARD = "gnu++20";
				CLANG_ENABLE_MODULES = YES;
				CLANG_ENABLE_OBJC_ARC = YES;
				CLANG_ENABLE_OBJC_WEAK = YES;
				CLANG_WARN_BLOCK_CAPTURE_AUTORELEASING = YES;
				CLANG_WARN_BOOL_CONVERSION = YES;
				CLANG_WARN_COMMA = YES;
				CLANG_WARN_CONSTANT_CONVERSION = YES;
				CLANG_WARN_DEPRECATED_OBJC_IMPLEMENTATIONS = YES;
				CLANG_WARN_DIRECT_OBJC_ISA_USAGE = YES_ERROR;
				CLANG_WARN_DOCUMENTATION_COMMENTS = YES;
				CLANG_WARN_EMPTY_BODY = YES;
				CLANG_WARN_ENUM_CONVERSION = YES;
				CLANG_WARN_INFINITE_RECURSION = YES;
				CLANG_WARN_INT_CONVERSION = YES;
				CLANG_WARN_NON_LITERAL_NULL_CONVERSION = YES;
				CLANG_WARN_OBJC_IMPLICIT_RETAIN_SELF = YES;
				CLANG_WARN_OBJC_LITERAL_CONVERSION = YES;
				CLANG_WARN_OBJC_ROOT_CLASS = YES_ERROR;
				CLANG_WARN_QUOTED_INCLUDE_IN_FRAMEWORK_HEADER = YES;
				CLANG_WARN_RANGE_LOOP_ANALYSIS = YES;
				CLANG_WARN_STRICT_PROTOTYPES = YES;
				CLANG_WARN_SUSPICIOUS_MOVE = YES;
				CLANG_WARN_UNGUARDED_AVAILABILITY = YES_AGGRESSIVE;
				CLANG_WARN_UNREACHABLE_CODE = YES;
				CLANG_WARN__DUPLICATE_METHOD_MATCH = YES;
				COPY_PHASE_STRIP = NO;
				DEBUG_INFORMATION_FORMAT = "dwarf-with-dsym";
				DEVELOPMENT_TEAM = 459UU2KUBV;
				ENABLE_NS_ASSERTIONS = NO;
				ENABLE_STRICT_OBJC_MSGSEND = YES;
				ENABLE_USER_SCRIPT_SANDBOXING = NO;
				GCC_C_LANGUAGE_STANDARD = gnu17;
				GCC_NO_COMMON_BLOCKS = YES;
				GCC_WARN_64_TO_32_BIT_CONVERSION = YES;
				GCC_WARN_ABOUT_RETURN_TYPE = YES_ERROR;
				GCC_WARN_UNDECLARED_SELECTOR = YES;
				GCC_WARN_UNINITIALIZED_AUTOS = YES_AGGRESSIVE;
				GCC_WARN_UNUSED_FUNCTION = YES;
				GCC_WARN_UNUSED_VARIABLE = YES;
				IPHONEOS_DEPLOYMENT_TARGET = 26.4;
				LOCALIZATION_PREFERS_STRING_CATALOGS = YES;
				MTL_ENABLE_DEBUG_INFO = NO;
				MTL_FAST_MATH = YES;
				SDKROOT = iphoneos;
				SWIFT_COMPILATION_MODE = wholemodule;
				VALIDATE_PRODUCT = YES;
			};
			name = Release;
		};
		5E61142B2FB20A0600A15D10 /* Debug */ = {
			isa = XCBuildConfiguration;
			buildSettings = {
				ASSETCATALOG_COMPILER_APPICON_NAME = AppIcon;
				ASSETCATALOG_COMPILER_GLOBAL_ACCENT_COLOR_NAME = AccentColor;
				CODE_SIGN_STYLE = Automatic;
				CURRENT_PROJECT_VERSION = 1;
				DEVELOPMENT_TEAM = 459UU2KUBV;
				ENABLE_PREVIEWS = YES;
				GENERATE_INFOPLIST_FILE = YES;
				INFOPLIST_FILE = "CineTracker-Info.plist";
				INFOPLIST_KEY_CFBundleDisplayName = "$(DISPLAY_NAME)";
				INFOPLIST_KEY_UIApplicationSceneManifest_Generation = YES;
				INFOPLIST_KEY_UIApplicationSupportsIndirectInputEvents = YES;
				INFOPLIST_KEY_UILaunchScreen_Generation = YES;
				INFOPLIST_KEY_UISupportedInterfaceOrientations_iPad = "UIInterfaceOrientationPortrait UIInterfaceOrientationPortraitUpsideDown UIInterfaceOrientationLandscapeLeft UIInterfaceOrientationLandscapeRight";
				INFOPLIST_KEY_UISupportedInterfaceOrientations_iPhone = "UIInterfaceOrientationPortrait UIInterfaceOrientationLandscapeLeft UIInterfaceOrientationLandscapeRight";
				LD_RUNPATH_SEARCH_PATHS = (
					"$(inherited)",
					"@executable_path/Frameworks",
				);
				MARKETING_VERSION = 1.0;
				PRODUCT_BUNDLE_IDENTIFIER = com.codewithcuongnd.CineTracker;
				PRODUCT_NAME = "$(TARGET_NAME)";
				STRING_CATALOG_GENERATE_SYMBOLS = YES;
				SWIFT_APPROACHABLE_CONCURRENCY = YES;
				SWIFT_DEFAULT_ACTOR_ISOLATION = MainActor;
				SWIFT_EMIT_LOC_STRINGS = YES;
				SWIFT_UPCOMING_FEATURE_MEMBER_IMPORT_VISIBILITY = YES;
				SWIFT_VERSION = 5.0;
				TARGETED_DEVICE_FAMILY = "1,2";
			};
			name = Debug;
		};
		5E61142C2FB20A0600A15D10 /* Release */ = {
			isa = XCBuildConfiguration;
			buildSettings = {
				ASSETCATALOG_COMPILER_APPICON_NAME = AppIcon;
				ASSETCATALOG_COMPILER_GLOBAL_ACCENT_COLOR_NAME = AccentColor;
				CODE_SIGN_STYLE = Automatic;
				CURRENT_PROJECT_VERSION = 1;
				DEVELOPMENT_TEAM = 459UU2KUBV;
				ENABLE_PREVIEWS = YES;
				GENERATE_INFOPLIST_FILE = YES;
				INFOPLIST_FILE = "CineTracker-Info.plist";
				INFOPLIST_KEY_CFBundleDisplayName = "$(DISPLAY_NAME)";
				INFOPLIST_KEY_UIApplicationSceneManifest_Generation = YES;
				INFOPLIST_KEY_UIApplicationSupportsIndirectInputEvents = YES;
				INFOPLIST_KEY_UILaunchScreen_Generation = YES;
				INFOPLIST_KEY_UISupportedInterfaceOrientations_iPad = "UIInterfaceOrientationPortrait UIInterfaceOrientationPortraitUpsideDown UIInterfaceOrientationLandscapeLeft UIInterfaceOrientationLandscapeRight";
				INFOPLIST_KEY_UISupportedInterfaceOrientations_iPhone = "UIInterfaceOrientationPortrait UIInterfaceOrientationLandscapeLeft UIInterfaceOrientationLandscapeRight";
				LD_RUNPATH_SEARCH_PATHS = (
					"$(inherited)",
					"@executable_path/Frameworks",
				);
				MARKETING_VERSION = 1.0;
				PRODUCT_BUNDLE_IDENTIFIER = com.codewithcuongnd.CineTracker;
				PRODUCT_NAME = "$(TARGET_NAME)";
				STRING_CATALOG_GENERATE_SYMBOLS = YES;
				SWIFT_APPROACHABLE_CONCURRENCY = YES;
				SWIFT_DEFAULT_ACTOR_ISOLATION = MainActor;
				SWIFT_EMIT_LOC_STRINGS = YES;
				SWIFT_UPCOMING_FEATURE_MEMBER_IMPORT_VISIBILITY = YES;
				SWIFT_VERSION = 5.0;
				TARGETED_DEVICE_FAMILY = "1,2";
			};
			name = Release;
		};
/* End XCBuildConfiguration section */

/* Begin XCConfigurationList section */
		5E61141A2FB20A0400A15D10 /* Build configuration list for PBXProject "CineTracker" */ = {
			isa = XCConfigurationList;
			buildConfigurations = (
				5E6114282FB20A0600A15D10 /* Debug */,
				5E6114292FB20A0600A15D10 /* Release */,
			);
			defaultConfigurationIsVisible = 0;
			defaultConfigurationName = Release;
		};
		5E61142A2FB20A0600A15D10 /* Build configuration list for PBXNativeTarget "CineTracker" */ = {
			isa = XCConfigurationList;
			buildConfigurations = (
				5E61142B2FB20A0600A15D10 /* Debug */,
				5E61142C2FB20A0600A15D10 /* Release */,
			);
			defaultConfigurationIsVisible = 0;
			defaultConfigurationName = Release;
		};
/* End XCConfigurationList section */

/* Begin XCRemoteSwiftPackageReference section */
		5E6114592FB210C200A15D10 /* XCRemoteSwiftPackageReference "realm-swift" */ = {
			isa = XCRemoteSwiftPackageReference;
			repositoryURL = "https://github.com/realm/realm-swift";
			requirement = {
				branch = community;
				kind = branch;
			};
		};
/* End XCRemoteSwiftPackageReference section */

/* Begin XCSwiftPackageProductDependency section */
		5E61145A2FB210C200A15D10 /* RealmSwift */ = {
			isa = XCSwiftPackageProductDependency;
			package = 5E6114592FB210C200A15D10 /* XCRemoteSwiftPackageReference "realm-swift" */;
			productName = RealmSwift;
		};
/* End XCSwiftPackageProductDependency section */
	};
	rootObject = 5E6114172FB20A0400A15D10 /* Project object */;
}
